{
    "_meta": {
        "hash": {
            "sha256": "dbd910b3aac31c4e0e0507f19d4a9d276746b4f1c476da7d7e2bc38591939e85"
        },
        "pipfile-spec": 6,
        "requires": {
            "python_version": "3.8"
        },
        "sources": [
            {
                "name": "pypi",
                "url": "https://pypi.org/simple",
                "verify_ssl": true
            }
        ]
    },
    "default": {
        "click": {
            "hashes": [
                "sha256:7682dc8afb30297001674575ea00d1814d808d6a36af415a82bd481d37ba7b8e",
                "sha256:bb4d8133cb15a609f44e8213d9b391b0809795062913b383c62be0ee95b1db48"
            ],
            "markers": "python_version >= '3.7'",
            "version": "==8.1.3"
        },
        "future": {
            "hashes": [
                "sha256:b1bead90b70cf6ec3f0710ae53a525360fa360d306a86583adc6bf83a4db537d"
            ],
            "markers": "python_version >= '2.6' and python_version not in '3.0, 3.1, 3.2, 3.3'",
            "version": "==0.18.2"
        },
        "importlib-metadata": {
            "hashes": [
                "sha256:637245b8bab2b6502fcbc752cc4b7a6f6243bb02b31c5c26156ad103d3d45670",
                "sha256:7401a975809ea1fdc658c3aa4f78cc2195a0e019c5cbc4c06122884e9ae80c23"
            ],
            "markers": "python_version < '3.10'",
            "version": "==4.12.0"
        },
        "jinja2": {
            "hashes": [
                "sha256:03e47ad063331dd6a3f04a43eddca8a966a26ba0c5b7207a9a9e4e08f1b29419",
                "sha256:a6d58433de0ae800347cab1fa3043cebbabe8baa9d29e668f1c768cb87a333c6"
            ],
            "index": "pypi",
            "version": "==2.11.3"
        },
        "joblib": {
            "hashes": [
                "sha256:4158fcecd13733f8be669be0683b96ebdbbd38d23559f54dca7205aea1bf1e35",
                "sha256:f21f109b3c7ff9d95f8387f752d0d9c34a02aa2f7060c2135f465da0e5160ff6"
            ],
            "markers": "python_version >= '3.6'",
            "version": "==1.1.0"
        },
        "livereload": {
            "hashes": [
                "sha256:776f2f865e59fde56490a56bcc6773b6917366bce0c267c60ee8aaf1a0959869"
            ],
            "version": "==2.6.3"
        },
        "lunr": {
            "extras": [
                "languages"
            ],
            "hashes": [
                "sha256:aab3f489c4d4fab4c1294a257a30fec397db56f0a50273218ccc3efdbf01d6ca",
                "sha256:c4fb063b98eff775dd638b3df380008ae85e6cb1d1a24d1cd81a10ef6391c26e"
            ],
            "version": "==0.5.8"
        },
        "markdown": {
            "hashes": [
                "sha256:08fb8465cffd03d10b9dd34a5c3fea908e20391a2a90b88d66362cb05beed186",
                "sha256:3b809086bb6efad416156e00a0da66fe47618a5d6918dd688f53f40c8e4cfeff"
            ],
            "markers": "python_version >= '3.7'",
            "version": "==3.4.1"
        },
        "markupsafe": {
            "hashes": [
                "sha256:0212a68688482dc52b2d45013df70d169f542b7394fc744c02a57374a4207003",
                "sha256:089cf3dbf0cd6c100f02945abeb18484bd1ee57a079aefd52cffd17fba910b88",
                "sha256:10c1bfff05d95783da83491be968e8fe789263689c02724e0c691933c52994f5",
                "sha256:33b74d289bd2f5e527beadcaa3f401e0df0a89927c1559c8566c066fa4248ab7",
                "sha256:3799351e2336dc91ea70b034983ee71cf2f9533cdff7c14c90ea126bfd95d65a",
                "sha256:3ce11ee3f23f79dbd06fb3d63e2f6af7b12db1d46932fe7bd8afa259a5996603",
                "sha256:421be9fbf0ffe9ffd7a378aafebbf6f4602d564d34be190fc19a193232fd12b1",
                "sha256:43093fb83d8343aac0b1baa75516da6092f58f41200907ef92448ecab8825135",
                "sha256:46d00d6cfecdde84d40e572d63735ef81423ad31184100411e6e3388d405e247",
                "sha256:4a33dea2b688b3190ee12bd7cfa29d39c9ed176bda40bfa11099a3ce5d3a7ac6",
                "sha256:4b9fe39a2ccc108a4accc2676e77da025ce383c108593d65cc909add5c3bd601",
                "sha256:56442863ed2b06d19c37f94d999035e15ee982988920e12a5b4ba29b62ad1f77",
                "sha256:671cd1187ed5e62818414afe79ed29da836dde67166a9fac6d435873c44fdd02",
                "sha256:694deca8d702d5db21ec83983ce0bb4b26a578e71fbdbd4fdcd387daa90e4d5e",
                "sha256:6a074d34ee7a5ce3effbc526b7083ec9731bb3cbf921bbe1d3005d4d2bdb3a63",
                "sha256:6d0072fea50feec76a4c418096652f2c3238eaa014b2f94aeb1d56a66b41403f",
                "sha256:6fbf47b5d3728c6aea2abb0589b5d30459e369baa772e0f37a0320185e87c980",
                "sha256:7f91197cc9e48f989d12e4e6fbc46495c446636dfc81b9ccf50bb0ec74b91d4b",
                "sha256:86b1f75c4e7c2ac2ccdaec2b9022845dbb81880ca318bb7a0a01fbf7813e3812",
                "sha256:8dc1c72a69aa7e082593c4a203dcf94ddb74bb5c8a731e4e1eb68d031e8498ff",
                "sha256:8e3dcf21f367459434c18e71b2a9532d96547aef8a871872a5bd69a715c15f96",
                "sha256:8e576a51ad59e4bfaac456023a78f6b5e6e7651dcd383bcc3e18d06f9b55d6d1",
                "sha256:96e37a3dc86e80bf81758c152fe66dbf60ed5eca3d26305edf01892257049925",
                "sha256:97a68e6ada378df82bc9f16b800ab77cbf4b2fada0081794318520138c088e4a",
                "sha256:99a2a507ed3ac881b975a2976d59f38c19386d128e7a9a18b7df6fff1fd4c1d6",
                "sha256:a49907dd8420c5685cfa064a1335b6754b74541bbb3706c259c02ed65b644b3e",
                "sha256:b09bf97215625a311f669476f44b8b318b075847b49316d3e28c08e41a7a573f",
                "sha256:b7bd98b796e2b6553da7225aeb61f447f80a1ca64f41d83612e6139ca5213aa4",
                "sha256:b87db4360013327109564f0e591bd2a3b318547bcef31b468a92ee504d07ae4f",
                "sha256:bcb3ed405ed3222f9904899563d6fc492ff75cce56cba05e32eff40e6acbeaa3",
                "sha256:d4306c36ca495956b6d568d276ac11fdd9c30a36f1b6eb928070dc5360b22e1c",
                "sha256:d5ee4f386140395a2c818d149221149c54849dfcfcb9f1debfe07a8b8bd63f9a",
                "sha256:dda30ba7e87fbbb7eab1ec9f58678558fd9a6b8b853530e176eabd064da81417",
                "sha256:e04e26803c9c3851c931eac40c695602c6295b8d432cbe78609649ad9bd2da8a",
                "sha256:e1c0b87e09fa55a220f058d1d49d3fb8df88fbfab58558f1198e08c1e1de842a",
                "sha256:e72591e9ecd94d7feb70c1cbd7be7b3ebea3f548870aa91e2732960fa4d57a37",
                "sha256:e8c843bbcda3a2f1e3c2ab25913c80a3c5376cd00c6e8c4a86a89a28c8dc5452",
                "sha256:efc1913fd2ca4f334418481c7e595c00aad186563bbc1ec76067848c7ca0a933",
                "sha256:f121a1420d4e173a5d96e47e9a0c0dcff965afdf1626d28de1460815f7c4ee7a",
                "sha256:fc7b548b17d238737688817ab67deebb30e8073c95749d55538ed473130ec0c7"
            ],
            "markers": "python_version >= '3.7'",
            "version": "==2.1.1"
        },
        "mkdocs": {
            "hashes": [
                "sha256:096f52ff52c02c7e90332d2e53da862fde5c062086e1b5356a6e392d5d60f5e9",
                "sha256:f0b61e5402b99d7789efa032c7a74c90a20220a9c81749da06dbfbcbd52ffb39"
            ],
            "index": "pypi",
            "version": "==1.1.2"
        },
        "mkdocs-material": {
            "hashes": [
                "sha256:13e73b3571d36f7e4a7dc11093323cff92095f4f219a00ba19c77a5e53aa6c55",
                "sha256:1afaa5b174265eaa4a886f73187bb0e302a9596e9bfedb5aa2cb260d8b1d994e"
            ],
            "index": "pypi",
            "version": "==7.1.0"
        },
        "mkdocs-material-extensions": {
            "hashes": [
                "sha256:a82b70e533ce060b2a5d9eb2bc2e1be201cf61f901f93704b4acf6e3d5983a44",
                "sha256:bfd24dfdef7b41c312ede42648f9eb83476ea168ec163b613f9abd12bbfddba2"
            ],
            "markers": "python_version >= '3.6'",
            "version": "==1.0.3"
        },
        "nltk": {
            "hashes": [
                "sha256:ba3de02490308b248f9b94c8bc1ac0683e9aa2ec49ee78536d8667afb5e3eec8",
                "sha256:d6507d6460cec76d70afea4242a226a7542f85c669177b9c7f562b7cf1b05502"
            ],
            "version": "==3.7"
        },
        "prompt-toolkit": {
            "hashes": [
                "sha256:9696f386133df0fc8ca5af4895afe5d78f5fcfe5258111c2a79a1c3e41ffa96d",
                "sha256:9ada952c9d1787f52ff6d5f3484d0b4df8952787c087edf6a1f7c2cb1ea88148"
            ],
            "index": "pypi",
            "version": "==3.0.31"
        },
        "pygments": {
            "hashes": [
                "sha256:2656e1a6edcdabf4275f9a3640db59fd5de107d88e8663c5d4e9a0fa62f77f94",
                "sha256:534ef71d539ae97d4c3a4cf7d6f110f214b0e687e92f9cb9d2a3b0d3101289c8"
            ],
            "index": "pypi",
            "version": "==2.8.1"
        },
        "pymdown-extensions": {
            "hashes": [
                "sha256:3ef2d998c0d5fa7eb09291926d90d69391283561cf6306f85cd588a5eb5befa0",
                "sha256:ec141c0f4983755349f0c8710416348d1a13753976c028186ed14f190c8061c4"
            ],
            "markers": "python_version >= '3.7'",
            "version": "==9.5"
        },
        "python-markdown-math": {
            "hashes": [
                "sha256:8564212af679fc18d53f38681f16080fcd3d186073f23825c7ce86fadd3e3635",
                "sha256:c685249d84b5b697e9114d7beb352bd8ca2e07fd268fd4057ffca888c14641e5"
            ],
            "index": "pypi",
            "version": "==0.8"
        },
        "pyyaml": {
            "hashes": [
                "sha256:08682f6b72c722394747bddaf0aa62277e02557c0fd1c42cb853016a38f8dedf",
                "sha256:0f5f5786c0e09baddcd8b4b45f20a7b5d61a7e7e99846e3c799b05c7c53fa696",
                "sha256:129def1b7c1bf22faffd67b8f3724645203b79d8f4cc81f674654d9902cb4393",
                "sha256:294db365efa064d00b8d1ef65d8ea2c3426ac366c0c4368d930bf1c5fb497f77",
                "sha256:3b2b1824fe7112845700f815ff6a489360226a5609b96ec2190a45e62a9fc922",
                "sha256:3bd0e463264cf257d1ffd2e40223b197271046d09dadf73a0fe82b9c1fc385a5",
                "sha256:4465124ef1b18d9ace298060f4eccc64b0850899ac4ac53294547536533800c8",
                "sha256:49d4cdd9065b9b6e206d0595fee27a96b5dd22618e7520c33204a4a3239d5b10",
                "sha256:4e0583d24c881e14342eaf4ec5fbc97f934b999a6828693a99157fde912540cc",
                "sha256:5accb17103e43963b80e6f837831f38d314a0495500067cb25afab2e8d7a4018",
                "sha256:607774cbba28732bfa802b54baa7484215f530991055bb562efbed5b2f20a45e",
                "sha256:6c78645d400265a062508ae399b60b8c167bf003db364ecb26dcab2bda048253",
                "sha256:72a01f726a9c7851ca9bfad6fd09ca4e090a023c00945ea05ba1638c09dc3347",
                "sha256:74c1485f7707cf707a7aef42ef6322b8f97921bd89be2ab6317fd782c2d53183",
                "sha256:895f61ef02e8fed38159bb70f7e100e00f471eae2bc838cd0f4ebb21e28f8541",
                "sha256:8c1be557ee92a20f184922c7b6424e8ab6691788e6d86137c5d93c1a6ec1b8fb",
                "sha256:bb4191dfc9306777bc594117aee052446b3fa88737cd13b7188d0e7aa8162185",
                "sha256:bfb51918d4ff3d77c1c856a9699f8492c612cde32fd3bcd344af9be34999bfdc",
                "sha256:c20cfa2d49991c8b4147af39859b167664f2ad4561704ee74c1de03318e898db",
                "sha256:cb333c16912324fd5f769fff6bc5de372e9e7a202247b48870bc251ed40239aa",
                "sha256:d2d9808ea7b4af864f35ea216be506ecec180628aced0704e34aca0b040ffe46",
                "sha256:d483ad4e639292c90170eb6f7783ad19490e7a8defb3e46f97dfe4bacae89122",
                "sha256:dd5de0646207f053eb0d6c74ae45ba98c3395a571a2891858e87df7c9b9bd51b",
                "sha256:e1d4970ea66be07ae37a3c2e48b5ec63f7ba6804bdddfdbd3cfd954d25a82e63",
                "sha256:e4fac90784481d221a8e4b1162afa7c47ed953be40d31ab4629ae917510051df",
                "sha256:fa5ae20527d8e831e8230cbffd9f8fe952815b2b7dae6ffec25318803a7528fc",
                "sha256:fd7f6999a8070df521b6384004ef42833b9bd62cfee11a09bda1079b4b704247",
                "sha256:fdc842473cd33f45ff6bce46aea678a54e3d21f1b61a7750ce3c498eedfe25d6",
                "sha256:fe69978f3f768926cfa37b867e3843918e012cf83f680806599ddce33c2c68b0"
            ],
            "index": "pypi",
            "version": "==5.4.1"
        },
        "regex": {
            "hashes": [
                "sha256:02b6dc102123f5178796dcdb5a90f6e88895607fd1a1d115d8de1af8161ca2b4",
                "sha256:0843cc977b9cc00eb2299b624db6481d25e7f5b093f7a7c2bb727028d4a26eda",
                "sha256:085ca3dc9360c0210e0a70e5d34d66454a06077644e7679fef6358b1f053e62e",
                "sha256:0a9d5a64e974bc5f160f30f76aaf993d49eeddb405676be6bf76a5a2c131e185",
                "sha256:0de0ce11c0835e1117eacbfe8fa6fa98dc0e8e746b486735cb0fdebe46a02222",
                "sha256:1418d3506a9582b23a27373f125ea2b0da523c581e7cf678a6f036254d134faa",
                "sha256:14750172c0a616140a8f496dfef28ed24080e87d06d5838e008f959ad307a8c5",
                "sha256:1b6d2c579ffdcbb3d93f63b6a7f697364594e1c1b6856958b3e61e3ca22c140a",
                "sha256:1df31eaf147ecff3665ba861acb8f78221cd5501df072c9151dfa341dd24599f",
                "sha256:21b6f939916aa61beea56393ebc8a9999060632ac22b8193c2cb67d6fd7cb2c3",
                "sha256:2240fce3af236e4586a045c1be8bbf16c4f8831e68b7df918b72fc31a80143be",
                "sha256:242f546fc5e49bb7395624ac3b4fc168bf454e11ace9804c58c4c3a90d84e38f",
                "sha256:25bffa248b99b53a61b1f20fc7d19f711e38e9f0bc90d44c26670f8dc282ad7d",
                "sha256:2ada67e02fa3fcca9e3b90cf24c2c6bc77f0abc126209937956aea10eeba40c7",
                "sha256:2c198921afc811bc0f105c6e5150fbdebf9520c9b7d43cfc0ab156ca97f506d7",
                "sha256:370b1d7aed26e29915c3fb3e72e327f194824a76cedb60c0b9f6c6af53e89d72",
                "sha256:3aafbbf5076f2a48bcf31ceb42b410323daaa0ddb42544640592957bc906ace6",
                "sha256:3d3d769b3d485b28d6a591b46723dbacc696e6503f48a3ef52e6fc2c90edb482",
                "sha256:3d83fd6dd4263595d0e4f595d4abd54397cbed52c0147f7dd148a7b72910301e",
                "sha256:45cb798095b886e4df6ff4a1f7661eb70620ccdef127e3c3e00a1aaa22d30e53",
                "sha256:4bd9443f7ff6e6288dd4496215c5d903f851e55cbc09d5963587af0c6d565a0a",
                "sha256:4bdfd016ab12c4075ef93f025b3cf4c8962b9b7a5e52bb7039ab64cb7755930c",
                "sha256:4c6554073e3e554fbb3dff88376ada3da32ca789ea1b9e381f684d49ddb61199",
                "sha256:4dad9d68574e93e1e23be53b4ecfb0f083bd5cc08cc7f1984a4ee3ebf12aa446",
                "sha256:4e12a3c2d4781ee5d03f229c940934fa1e4ea4f4995e68ab97a2815b139e0804",
                "sha256:53c9eca0d6070a8a3de42182ad26daf90ba12132eb74a2f45702332762aff84e",
                "sha256:5910bb355f9517309f77101238dbacb7151ede3434a2f1fad26ecc62f13d8324",
                "sha256:5c77eab46f3a2b2cd8bbe06467df783543bf7396df431eb4a144cc4b89e9fb3c",
                "sha256:5d541bc430a74c787684d1ebcd205a5212a88c3de73848143e77489b2c25b911",
                "sha256:5e7c8f9f8824143c219dd93cdc733c20d2c12f154034c89bcb4911db8e45bd92",
                "sha256:5f14430535645712f546f1e07013507d1cc0c8abd851811dacce8c7fb584bf52",
                "sha256:6059ae91667932d256d9dc03abd3512ebcade322b3a42d1b8354bd1db7f66dcc",
                "sha256:61f6966371fa1cbf26c6209771a02bef80336cdaca0c0af4dfa33d51019c0b93",
                "sha256:62d56a9d3c1e5a83076db4da060dad7ea35ac2f3cbd3c53ba5a51fe0caedb500",
                "sha256:634f090a388351eadf1dcc1d168a190718fb68efb4b8fdc1b119cf837ca01905",
                "sha256:64ecfcc386420192fbe98fdde777d993f7f2dfec9552e4f4024d3447d3a3e637",
                "sha256:6af38997f178889d417851bae8fb5c00448f7405cfcab38734d771f1dd5d5973",
                "sha256:6b30c8d299ba48ee919064628fd8bc296bdc6e4827d315491bea39437130d3e1",
                "sha256:6f0c8807bac16984901c0573725bad786f2f004f9bd5df8476c6431097b6c5b3",
                "sha256:6f62c8a59f6b8e608880c61b138ae22668184bc266b025d33200dcf2cebe0872",
                "sha256:74d4aabd612d32282f3cb3ebb4436046fb840d25c754157a755bc9f66e7cd307",
                "sha256:7658d2dfc1dabfb008ffe12ae47b98559e2aedd8237bee12f5aafb74d90479e3",
                "sha256:777ceea2860a48e9e362a4e2a9a691782ea97bd05c24627c92e876fdd2c22e61",
                "sha256:79f34d5833cd0d53ecf48bc030e4da3216bd4846224d17eeb64509be5cb098fd",
                "sha256:7a52d547259495a53e61e37ffc6d5cecf8d298aeb1bc0d9b25289d65ddb31183",
                "sha256:840063aa8eeb1dda07d7d7dee15648838bffef1d415f5f79061854a182a429aa",
                "sha256:8e8ec94d1b1a0a297c2c69a0bf000baf9a79607ca0c084f577f811a9b447c319",
                "sha256:95fb62a3980cf43e76c2fe95edab06ec70dc495b8aa660975eb9f0b2ffdae1e1",
                "sha256:9668da78bcc219542467f51c2cd01894222be6aceec4b5efb806705900b794d8",
                "sha256:99a7c5786de9e92ff5ffee2e8bed745f5d25495206f3f14656c379031e518334",
                "sha256:a1e283ad918df44bad3ccf042c2fe283c63d17617570eb91b8c370ef677b0b83",
                "sha256:a25d251546acb5edb1635631c4ae0e330fa4ec7c6316c01d256728fbfb9bbff2",
                "sha256:abe1adb32e2535aaa171e8b2b2d3f083f863c9974a3e6e7dae6bf4827fc8b983",
                "sha256:ae85112da2d826b65aa7c7369c56ca41d9a89644312172979cbee5cf788e0b09",
                "sha256:b3379a83dc63fe06538c751961f9ed730b5d7f08f96a57bbad8d52db5820df1f",
                "sha256:b3c7c6c4aac19b964c1d12784aecae7f0315314640b0f41dd6f0d4e2bf439072",
                "sha256:b7ddecc80e87acf12c2cf12bf3721def47188c403f04e706f104b5e71fed2f31",
                "sha256:bbaf6785d3f1cd3e617b9d0fb3c5528023ef7bc7cc1356234801dc1941df8ce9",
                "sha256:be6f5b453f7ed2219a9555bb6840663950b9ab1dc034216f68eac64db66633c2",
                "sha256:c2b6404631b22617b5127c6de2355393ccda693ca733a098b6802e7dabb3457a",
                "sha256:c4f6609f6e867a58cdf173e1cbe1f3736d25962108bd5cb01ad5a130875ff2c8",
                "sha256:c76dd2c0615a28de21c97f9f6862e84faef58ff4d700196b4e395ef6a52291e4",
                "sha256:c78c72f7878071a78337510ec78ab856d60b4bdcd3a95fd68b939e7cb30434b3",
                "sha256:cb0c9a1476d279524538ba9a00ecec9eadcef31a6a60b2c8bd2f29f62044a559",
                "sha256:ccb986e80674c929f198464bce55e995178dea26833421e2479ff04a6956afac",
                "sha256:cfa62063c5eafb04e4435459ce15746b4ae6c14efeae8f16bd0e3d2895dad698",
                "sha256:d13bd83284b46c304eb10de93f8a3f2c80361f91f4e8a4e1273caf83e16c4409",
                "sha256:d76e585368388d99ddd2f95989e6ac80a8fe23115e93931faad99fa34550612f",
                "sha256:dc32029b9cc784a529f9201289d4f841cc24a2ae3126a112cd467bc41bbc2f10",
                "sha256:e0b55651db770b4b5a6c7d015f24d1a6ede307296bbdf0c47fc5f6a6adc7abee",
                "sha256:e37886929ee83a5fa5c73164abada00e7f3cc1cbf3f8f6e1e8cfecae9d6cfc47",
                "sha256:f7b88bc7306136b123fd1a9beed16ca02900ee31d1c36e73fa33d9e525a5562d",
                "sha256:fac611bde2609a46fcbd92da7171286faa2f5c191f84d22f61cd7dc27213f51d",
                "sha256:fafed60103132e74cdfbd651abe94801eb87a9765ce275b3dca9af8f3e06622a"
            ],
            "markers": "python_version >= '3.6'",
            "version": "==2022.8.17"
        },
        "six": {
            "hashes": [
                "sha256:1e61c37477a1626458e36f7b1d82aa5c9b094fa4802892072e49de9c60c4c926",
                "sha256:8abb2f1d86890a2dfb989f9a77cfcfd3e47c2a354b01111771326f8aa26e0254"
            ],
            "markers": "python_version >= '2.7' and python_version not in '3.0, 3.1, 3.2, 3.3'",
            "version": "==1.16.0"
        },
        "tornado": {
            "hashes": [
                "sha256:1d54d13ab8414ed44de07efecb97d4ef7c39f7438cf5e976ccd356bebb1b5fca",
                "sha256:20f638fd8cc85f3cbae3c732326e96addff0a15e22d80f049e00121651e82e72",
                "sha256:5c87076709343557ef8032934ce5f637dbb552efa7b21d08e89ae7619ed0eb23",
                "sha256:5f8c52d219d4995388119af7ccaa0bcec289535747620116a58d830e7c25d8a8",
                "sha256:6fdfabffd8dfcb6cf887428849d30cf19a3ea34c2c248461e1f7d718ad30b66b",
                "sha256:87dcafae3e884462f90c90ecc200defe5e580a7fbbb4365eda7c7c1eb809ebc9",
                "sha256:9b630419bde84ec666bfd7ea0a4cb2a8a651c2d5cccdbdd1972a0c859dfc3c13",
                "sha256:b8150f721c101abdef99073bf66d3903e292d851bee51910839831caba341a75",
                "sha256:ba09ef14ca9893954244fd872798b4ccb2367c165946ce2dd7376aebdde8e3ac",
                "sha256:d3a2f5999215a3a06a4fc218026cd84c61b8b2b40ac5296a6db1f1451ef04c1e",
                "sha256:e5f923aa6a47e133d1cf87d60700889d7eae68988704e20c75fb2d65677a8e4b"
            ],
            "markers": "python_version >= '3.7'",
            "version": "==6.2"
        },
        "tqdm": {
            "hashes": [
                "sha256:5f4f682a004951c1b450bc753c710e9280c5746ce6ffedee253ddbcbf54cf1e4",
                "sha256:6fee160d6ffcd1b1c68c65f14c829c22832bc401726335ce92c52d395944a6a1"
            ],
            "markers": "python_version >= '2.7' and python_version not in '3.0, 3.1, 3.2, 3.3'",
            "version": "==4.64.1"
        },
        "wcwidth": {
            "hashes": [
                "sha256:beb4802a9cebb9144e99086eff703a642a13d6a0052920003a230f3294bbe784",
                "sha256:c4d647b99872929fdb7bdcaa4fbe7f01413ed3d98077df798530e5b04f116c83"
            ],
            "version": "==0.2.5"
        },
        "zipp": {
            "hashes": [
                "sha256:05b45f1ee8f807d0cc928485ca40a07cb491cf092ff587c0df9cb1fd154848d2",
                "sha256:47c40d7fe183a6f21403a199b3e4192cca5774656965b0a4988ad2f8feb5f009"
            ],
            "markers": "python_version >= '3.7'",
            "version": "==3.8.1"
        }
    },
    "develop": {
        "invoke": {
            "hashes": [
                "sha256:7e44d98a7dc00c91c79bac9e3007276965d2c96884b3c22077a9f04042bd6d90",
                "sha256:da7c2d0be71be83ffd6337e078ef9643f41240024d6b2659e7b46e0b251e339f",
                "sha256:f0c560075b5fb29ba14dad44a7185514e94970d1b9d57dcd3723bec5fed92650"
            ],
            "index": "pypi",
            "version": "==1.5.0"
        }
    }
}
