{
    "_meta": {
        "hash": {
            "sha256": "01078780e3d985772aa5f09b24c6531ad7f525b1e9a39d2384c98411a95406da"
        },
        "pipfile-spec": 6,
        "requires": {
            "python_version": "3.8"
        },
        "sources": [
            {
                "name": "pypi",
                "url": "https://pypi.org/simple",
                "verify_ssl": true
            }
        ]
    },
    "default": {
        "click": {
            "hashes": [
                "sha256:6a7a62563bbfabfda3a38f3023a1db4a35978c0abd76f6c9605ecd6554d6d9b1",
                "sha256:8458d7b1287c5fb128c90e23381cf99dcde74beaf6c7ff6384ce84d6fe090adb"
            ],
            "markers": "python_version >= '3.6'",
            "version": "==8.0.4"
        },
        "ghp-import": {
            "hashes": [
                "sha256:5f8962b30b20652cdffa9c5a9812f7de6bcb56ec475acac579807719bf242c46",
                "sha256:947b3771f11be850c852c64b561c600fdddf794bab363060854c1ee7ad05e071"
            ],
            "version": "==2.0.2"
        },
        "importlib-metadata": {
            "hashes": [
                "sha256:1208431ca90a8cca1a6b8af391bb53c1a2db74e5d1cef6ddced95d4b2062edc6",
                "sha256:ea4c597ebf37142f827b8f39299579e31685c31d3a438b59f469406afd0f2539"
            ],
            "markers": "python_version >= '3.7'",
            "version": "==4.11.3"
        },
        "jinja2": {
            "hashes": [
                "sha256:03e47ad063331dd6a3f04a43eddca8a966a26ba0c5b7207a9a9e4e08f1b29419",
                "sha256:a6d58433de0ae800347cab1fa3043cebbabe8baa9d29e668f1c768cb87a333c6"
            ],
            "index": "pypi",
            "version": "==2.11.3"
        },
        "markdown": {
            "hashes": [
                "sha256:76df8ae32294ec39dcf89340382882dfa12975f87f45c3ed1ecdb1e8cefc7006",
                "sha256:9923332318f843411e9932237530df53162e29dc7a4e2b91e35764583c46c9a3"
            ],
            "markers": "python_version >= '3.6'",
            "version": "==3.3.6"
        },
        "markupsafe": {
            "hashes": [
                "sha256:0212a68688482dc52b2d45013df70d169f542b7394fc744c02a57374a4207003",
                "sha256:089cf3dbf0cd6c100f02945abeb18484bd1ee57a079aefd52cffd17fba910b88",
                "sha256:10c1bfff05d95783da83491be968e8fe789263689c02724e0c691933c52994f5",
                "sha256:33b74d289bd2f5e527beadcaa3f401e0df0a89927c1559c8566c066fa4248ab7",
                "sha256:3799351e2336dc91ea70b034983ee71cf2f9533cdff7c14c90ea126bfd95d65a",
                "sha256:3ce11ee3f23f79dbd06fb3d63e2f6af7b12db1d46932fe7bd8afa259a5996603",
                "sha256:421be9fbf0ffe9ffd7a378aafebbf6f4602d564d34be190fc19a193232fd12b1",
                "sha256:43093fb83d8343aac0b1baa75516da6092f58f41200907ef92448ecab8825135",
                "sha256:46d00d6cfecdde84d40e572d63735ef81423ad31184100411e6e3388d405e247",
                "sha256:4a33dea2b688b3190ee12bd7cfa29d39c9ed176bda40bfa11099a3ce5d3a7ac6",
                "sha256:4b9fe39a2ccc108a4accc2676e77da025ce383c108593d65cc909add5c3bd601",
                "sha256:56442863ed2b06d19c37f94d999035e15ee982988920e12a5b4ba29b62ad1f77",
                "sha256:671cd1187ed5e62818414afe79ed29da836dde67166a9fac6d435873c44fdd02",
                "sha256:694deca8d702d5db21ec83983ce0bb4b26a578e71fbdbd4fdcd387daa90e4d5e",
                "sha256:6a074d34ee7a5ce3effbc526b7083ec9731bb3cbf921bbe1d3005d4d2bdb3a63",
                "sha256:6d0072fea50feec76a4c418096652f2c3238eaa014b2f94aeb1d56a66b41403f",
                "sha256:6fbf47b5d3728c6aea2abb0589b5d30459e369baa772e0f37a0320185e87c980",
                "sha256:7f91197cc9e48f989d12e4e6fbc46495c446636dfc81b9ccf50bb0ec74b91d4b",
                "sha256:86b1f75c4e7c2ac2ccdaec2b9022845dbb81880ca318bb7a0a01fbf7813e3812",
                "sha256:8dc1c72a69aa7e082593c4a203dcf94ddb74bb5c8a731e4e1eb68d031e8498ff",
                "sha256:8e3dcf21f367459434c18e71b2a9532d96547aef8a871872a5bd69a715c15f96",
                "sha256:8e576a51ad59e4bfaac456023a78f6b5e6e7651dcd383bcc3e18d06f9b55d6d1",
                "sha256:96e37a3dc86e80bf81758c152fe66dbf60ed5eca3d26305edf01892257049925",
                "sha256:97a68e6ada378df82bc9f16b800ab77cbf4b2fada0081794318520138c088e4a",
                "sha256:99a2a507ed3ac881b975a2976d59f38c19386d128e7a9a18b7df6fff1fd4c1d6",
                "sha256:a49907dd8420c5685cfa064a1335b6754b74541bbb3706c259c02ed65b644b3e",
                "sha256:b09bf97215625a311f669476f44b8b318b075847b49316d3e28c08e41a7a573f",
                "sha256:b7bd98b796e2b6553da7225aeb61f447f80a1ca64f41d83612e6139ca5213aa4",
                "sha256:b87db4360013327109564f0e591bd2a3b318547bcef31b468a92ee504d07ae4f",
                "sha256:bcb3ed405ed3222f9904899563d6fc492ff75cce56cba05e32eff40e6acbeaa3",
                "sha256:d4306c36ca495956b6d568d276ac11fdd9c30a36f1b6eb928070dc5360b22e1c",
                "sha256:d5ee4f386140395a2c818d149221149c54849dfcfcb9f1debfe07a8b8bd63f9a",
                "sha256:dda30ba7e87fbbb7eab1ec9f58678558fd9a6b8b853530e176eabd064da81417",
                "sha256:e04e26803c9c3851c931eac40c695602c6295b8d432cbe78609649ad9bd2da8a",
                "sha256:e1c0b87e09fa55a220f058d1d49d3fb8df88fbfab58558f1198e08c1e1de842a",
                "sha256:e72591e9ecd94d7feb70c1cbd7be7b3ebea3f548870aa91e2732960fa4d57a37",
                "sha256:e8c843bbcda3a2f1e3c2ab25913c80a3c5376cd00c6e8c4a86a89a28c8dc5452",
                "sha256:efc1913fd2ca4f334418481c7e595c00aad186563bbc1ec76067848c7ca0a933",
                "sha256:f121a1420d4e173a5d96e47e9a0c0dcff965afdf1626d28de1460815f7c4ee7a",
                "sha256:fc7b548b17d238737688817ab67deebb30e8073c95749d55538ed473130ec0c7"
            ],
            "markers": "python_version >= '3.7'",
            "version": "==2.1.1"
        },
        "mergedeep": {
            "hashes": [
                "sha256:0096d52e9dad9939c3d975a774666af186eda617e6ca84df4c94dec30004f2a8",
                "sha256:70775750742b25c0d8f36c55aed03d24c3384d17c951b3175d898bd778ef0307"
            ],
            "markers": "python_version >= '3.6'",
            "version": "==1.3.4"
        },
        "mkdocs": {
            "hashes": [
                "sha256:26bd2b03d739ac57a3e6eed0b7bcc86168703b719c27b99ad6ca91dc439aacde",
                "sha256:b504405b04da38795fec9b2e5e28f6aa3a73bb0960cb6d5d27ead28952bd35ea"
            ],
            "index": "pypi",
            "version": "==1.3.0"
        },
        "mkdocs-material": {
            "hashes": [
                "sha256:13e73b3571d36f7e4a7dc11093323cff92095f4f219a00ba19c77a5e53aa6c55",
                "sha256:1afaa5b174265eaa4a886f73187bb0e302a9596e9bfedb5aa2cb260d8b1d994e"
            ],
            "index": "pypi",
            "version": "==7.1.0"
        },
        "mkdocs-material-extensions": {
            "hashes": [
                "sha256:a82b70e533ce060b2a5d9eb2bc2e1be201cf61f901f93704b4acf6e3d5983a44",
                "sha256:bfd24dfdef7b41c312ede42648f9eb83476ea168ec163b613f9abd12bbfddba2"
            ],
            "markers": "python_version >= '3.6'",
            "version": "==1.0.3"
        },
        "packaging": {
            "hashes": [
                "sha256:dd47c42927d89ab911e606518907cc2d3a1f38bbd026385970643f9c5b8ecfeb",
                "sha256:ef103e05f519cdc783ae24ea4e2e0f508a9c99b2d4969652eed6a2e1ea5bd522"
            ],
            "markers": "python_version >= '3.6'",
            "version": "==21.3"
        },
        "prompt-toolkit": {
            "hashes": [
                "sha256:bf00f22079f5fadc949f42ae8ff7f05702826a97059ffcc6281036ad40ac6f04",
                "sha256:e1b4f11b9336a28fa11810bc623c357420f69dfdb6d2dac41ca2c21a55c033bc"
            ],
            "index": "pypi",
            "version": "==3.0.18"
        },
        "pygments": {
            "hashes": [
                "sha256:2656e1a6edcdabf4275f9a3640db59fd5de107d88e8663c5d4e9a0fa62f77f94",
                "sha256:534ef71d539ae97d4c3a4cf7d6f110f214b0e687e92f9cb9d2a3b0d3101289c8"
            ],
            "index": "pypi",
            "version": "==2.8.1"
        },
        "pymdown-extensions": {
            "hashes": [
                "sha256:a80553b243d3ed2d6c27723bcd64ca9887e560e6f4808baa96f36e93061eaf90",
                "sha256:b37461a181c1c8103cfe1660081726a0361a8294cbfda88e5b02cefe976f0546"
            ],
            "markers": "python_version >= '3.7'",
            "version": "==9.3"
        },
        "pyparsing": {
            "hashes": [
                "sha256:18ee9022775d270c55187733956460083db60b37d0d0fb357445f3094eed3eea",
                "sha256:a6c06a88f252e6c322f65faf8f418b16213b51bdfaece0524c1c1bc30c63c484"
            ],
            "markers": "python_version >= '3.6'",
            "version": "==3.0.7"
        },
        "python-dateutil": {
            "hashes": [
                "sha256:0123cacc1627ae19ddf3c27a5de5bd67ee4586fbdd6440d9748f8abb483d3e86",
                "sha256:961d03dc3453ebbc59dbdea9e4e11c5651520a876d0f4db161e8674aae935da9"
            ],
            "markers": "python_version >= '2.7' and python_version not in '3.0, 3.1, 3.2, 3.3'",
            "version": "==2.8.2"
        },
        "python-markdown-math": {
            "hashes": [
                "sha256:8564212af679fc18d53f38681f16080fcd3d186073f23825c7ce86fadd3e3635",
                "sha256:c685249d84b5b697e9114d7beb352bd8ca2e07fd268fd4057ffca888c14641e5"
            ],
            "index": "pypi",
            "version": "==0.8"
        },
        "pyyaml": {
            "hashes": [
                "sha256:08682f6b72c722394747bddaf0aa62277e02557c0fd1c42cb853016a38f8dedf",
                "sha256:0f5f5786c0e09baddcd8b4b45f20a7b5d61a7e7e99846e3c799b05c7c53fa696",
                "sha256:129def1b7c1bf22faffd67b8f3724645203b79d8f4cc81f674654d9902cb4393",
                "sha256:294db365efa064d00b8d1ef65d8ea2c3426ac366c0c4368d930bf1c5fb497f77",
                "sha256:3b2b1824fe7112845700f815ff6a489360226a5609b96ec2190a45e62a9fc922",
                "sha256:3bd0e463264cf257d1ffd2e40223b197271046d09dadf73a0fe82b9c1fc385a5",
                "sha256:4465124ef1b18d9ace298060f4eccc64b0850899ac4ac53294547536533800c8",
                "sha256:49d4cdd9065b9b6e206d0595fee27a96b5dd22618e7520c33204a4a3239d5b10",
                "sha256:4e0583d24c881e14342eaf4ec5fbc97f934b999a6828693a99157fde912540cc",
                "sha256:5accb17103e43963b80e6f837831f38d314a0495500067cb25afab2e8d7a4018",
                "sha256:607774cbba28732bfa802b54baa7484215f530991055bb562efbed5b2f20a45e",
                "sha256:6c78645d400265a062508ae399b60b8c167bf003db364ecb26dcab2bda048253",
                "sha256:72a01f726a9c7851ca9bfad6fd09ca4e090a023c00945ea05ba1638c09dc3347",
                "sha256:74c1485f7707cf707a7aef42ef6322b8f97921bd89be2ab6317fd782c2d53183",
                "sha256:895f61ef02e8fed38159bb70f7e100e00f471eae2bc838cd0f4ebb21e28f8541",
                "sha256:8c1be557ee92a20f184922c7b6424e8ab6691788e6d86137c5d93c1a6ec1b8fb",
                "sha256:bb4191dfc9306777bc594117aee052446b3fa88737cd13b7188d0e7aa8162185",
                "sha256:bfb51918d4ff3d77c1c856a9699f8492c612cde32fd3bcd344af9be34999bfdc",
                "sha256:c20cfa2d49991c8b4147af39859b167664f2ad4561704ee74c1de03318e898db",
                "sha256:cb333c16912324fd5f769fff6bc5de372e9e7a202247b48870bc251ed40239aa",
                "sha256:d2d9808ea7b4af864f35ea216be506ecec180628aced0704e34aca0b040ffe46",
                "sha256:d483ad4e639292c90170eb6f7783ad19490e7a8defb3e46f97dfe4bacae89122",
                "sha256:dd5de0646207f053eb0d6c74ae45ba98c3395a571a2891858e87df7c9b9bd51b",
                "sha256:e1d4970ea66be07ae37a3c2e48b5ec63f7ba6804bdddfdbd3cfd954d25a82e63",
                "sha256:e4fac90784481d221a8e4b1162afa7c47ed953be40d31ab4629ae917510051df",
                "sha256:fa5ae20527d8e831e8230cbffd9f8fe952815b2b7dae6ffec25318803a7528fc",
                "sha256:fd7f6999a8070df521b6384004ef42833b9bd62cfee11a09bda1079b4b704247",
                "sha256:fdc842473cd33f45ff6bce46aea678a54e3d21f1b61a7750ce3c498eedfe25d6",
                "sha256:fe69978f3f768926cfa37b867e3843918e012cf83f680806599ddce33c2c68b0"
            ],
            "index": "pypi",
            "version": "==5.4.1"
        },
        "pyyaml-env-tag": {
            "hashes": [
                "sha256:70092675bda14fdec33b31ba77e7543de9ddc88f2e5b99160396572d11525bdb",
                "sha256:af31106dec8a4d68c60207c1886031cbf839b68aa7abccdb19868200532c2069"
            ],
            "markers": "python_version >= '3.6'",
            "version": "==0.1"
        },
        "six": {
            "hashes": [
                "sha256:1e61c37477a1626458e36f7b1d82aa5c9b094fa4802892072e49de9c60c4c926",
                "sha256:8abb2f1d86890a2dfb989f9a77cfcfd3e47c2a354b01111771326f8aa26e0254"
            ],
            "markers": "python_version >= '2.7' and python_version not in '3.0, 3.1, 3.2, 3.3'",
            "version": "==1.16.0"
        },
        "watchdog": {
            "hashes": [
                "sha256:03b43d583df0f18782a0431b6e9e9965c5b3f7cf8ec36a00b930def67942c385",
                "sha256:0908bb50f6f7de54d5d31ec3da1654cb7287c6b87bce371954561e6de379d690",
                "sha256:0b4a1fe6201c6e5a1926f5767b8664b45f0fcb429b62564a41f490ff1ce1dc7a",
                "sha256:177bae28ca723bc00846466016d34f8c1d6a621383b6caca86745918d55c7383",
                "sha256:19b36d436578eb437e029c6b838e732ed08054956366f6dd11875434a62d2b99",
                "sha256:1d1cf7dfd747dec519486a98ef16097e6c480934ef115b16f18adb341df747a4",
                "sha256:1e877c70245424b06c41ac258023ea4bd0c8e4ff15d7c1368f17cd0ae6e351dd",
                "sha256:340b875aecf4b0e6672076a6f05cfce6686935559bb6d34cebedee04126a9566",
                "sha256:351e09b6d9374d5bcb947e6ac47a608ec25b9d70583e9db00b2fcdb97b00b572",
                "sha256:3fd47815353be9c44eebc94cc28fe26b2b0c5bd889dafc4a5a7cbdf924143480",
                "sha256:49639865e3db4be032a96695c98ac09eed39bbb43fe876bb217da8f8101689a6",
                "sha256:4d0e98ac2e8dd803a56f4e10438b33a2d40390a72750cff4939b4b274e7906fa",
                "sha256:6e6ae29b72977f2e1ee3d0b760d7ee47896cb53e831cbeede3e64485e5633cc8",
                "sha256:7f14ce6adea2af1bba495acdde0e510aecaeb13b33f7bd2f6324e551b26688ca",
                "sha256:81982c7884aac75017a6ecc72f1a4fedbae04181a8665a34afce9539fc1b3fab",
                "sha256:81a5861d0158a7e55fe149335fb2bbfa6f48cbcbd149b52dbe2cd9a544034bbd",
                "sha256:ae934e34c11aa8296c18f70bf66ed60e9870fcdb4cc19129a04ca83ab23e7055",
                "sha256:b26e13e8008dcaea6a909e91d39b629a39635d1a8a7239dd35327c74f4388601",
                "sha256:b3750ee5399e6e9c69eae8b125092b871ee9e2fcbd657a92747aea28f9056a5c",
                "sha256:b61acffaf5cd5d664af555c0850f9747cc5f2baf71e54bbac164c58398d6ca7b",
                "sha256:b9777664848160449e5b4260e0b7bc1ae0f6f4992a8b285db4ec1ef119ffa0e2",
                "sha256:bdcbf75580bf4b960fb659bbccd00123d83119619195f42d721e002c1621602f",
                "sha256:d802d65262a560278cf1a65ef7cae4e2bc7ecfe19e5451349e4c67e23c9dc420",
                "sha256:ed6d9aad09a2a948572224663ab00f8975fae242aa540509737bb4507133fa2d"
            ],
            "markers": "python_version >= '3.6'",
            "version": "==2.1.7"
        },
        "wcwidth": {
            "hashes": [
                "sha256:beb4802a9cebb9144e99086eff703a642a13d6a0052920003a230f3294bbe784",
                "sha256:c4d647b99872929fdb7bdcaa4fbe7f01413ed3d98077df798530e5b04f116c83"
            ],
            "version": "==0.2.5"
        },
        "zipp": {
            "hashes": [
                "sha256:9f50f446828eb9d45b267433fd3e9da8d801f614129124863f9c51ebceafb87d",
                "sha256:b47250dd24f92b7dd6a0a8fc5244da14608f3ca90a5efcd37a3b1642fac9a375"
            ],
            "markers": "python_version >= '3.7'",
            "version": "==3.7.0"
        }
    },
    "develop": {
        "invoke": {
            "hashes": [
                "sha256:7e44d98a7dc00c91c79bac9e3007276965d2c96884b3c22077a9f04042bd6d90",
                "sha256:da7c2d0be71be83ffd6337e078ef9643f41240024d6b2659e7b46e0b251e339f",
                "sha256:f0c560075b5fb29ba14dad44a7185514e94970d1b9d57dcd3723bec5fed92650"
            ],
            "index": "pypi",
            "version": "==1.5.0"
        }
    }
}
